{
  "nodes": {
    "crane": {
      "locked": {
        "lastModified": 1727974419,
        "narHash": "sha256-WD0//20h+2/yPGkO88d2nYbb23WMWYvnRyDQ9Dx4UHg=",
        "owner": "ipetkov",
        "repo": "crane",
        "rev": "37e4f9f0976cb9281cd3f0c70081e5e0ecaee93f",
        "type": "github"
      },
      "original": {
        "owner": "ipetkov",
        "repo": "crane",
        "type": "github"
      }
    },
    "disko": {
      "inputs": {
        "nixpkgs": [
          "nixpkgs"
        ]
      },
      "locked": {
        "lastModified": 1730190761,
        "narHash": "sha256-o5m5WzvY6cGIDupuOvjgNSS8AN6yP2iI9MtUC6q/uos=",
        "owner": "nix-community",
        "repo": "disko",
        "rev": "3979285062d6781525cded0f6c4ff92e71376b55",
        "type": "github"
      },
      "original": {
        "owner": "nix-community",
        "repo": "disko",
        "type": "github"
      }
    },
    "flake-utils": {
      "inputs": {
        "systems": "systems"
      },
      "locked": {
        "lastModified": 1726560853,
        "narHash": "sha256-X6rJYSESBVr3hBoH0WbKE5KvhPU5bloyZ2L4K60/fPQ=",
        "owner": "numtide",
        "repo": "flake-utils",
        "rev": "c1dfcf08411b08f6b8615f7d8971a2bfa81d5e8a",
        "type": "github"
      },
      "original": {
        "owner": "numtide",
        "repo": "flake-utils",
        "type": "github"
      }
    },
    "flake-utils_2": {
      "inputs": {
        "systems": "systems_2"
      },
      "locked": {
        "lastModified": 1726560853,
        "narHash": "sha256-X6rJYSESBVr3hBoH0WbKE5KvhPU5bloyZ2L4K60/fPQ=",
        "owner": "numtide",
        "repo": "flake-utils",
        "rev": "c1dfcf08411b08f6b8615f7d8971a2bfa81d5e8a",
        "type": "github"
      },
      "original": {
        "owner": "numtide",
        "repo": "flake-utils",
        "type": "github"
      }
    },
    "helix_master": {
      "inputs": {
        "crane": "crane",
        "flake-utils": "flake-utils_2",
        "nixpkgs": "nixpkgs",
        "rust-overlay": "rust-overlay"
      },
      "locked": {
        "lastModified": 1729690460,
        "narHash": "sha256-x8qkGujBPuOefXPyjcaB8Ot0IYkQBy6O2ZYb8NrnB3k=",
        "owner": "helix-editor",
        "repo": "helix",
        "rev": "101a74bf6edbbfdf9b0628a0bdbbc307ebe10ff2",
        "type": "github"
      },
      "original": {
        "owner": "helix-editor",
        "repo": "helix",
        "type": "github"
      }
    },
    "home-manager": {
      "inputs": {
        "nixpkgs": [
          "nixpkgs"
        ]
      },
      "locked": {
        "lastModified": 1730016908,
        "narHash": "sha256-bFCxJco7d8IgmjfNExNz9knP8wvwbXU4s/d53KOK6U0=",
        "owner": "nix-community",
        "repo": "home-manager",
        "rev": "e83414058edd339148dc142a8437edb9450574c8",
        "type": "github"
      },
      "original": {
        "owner": "nix-community",
        "repo": "home-manager",
        "type": "github"
      }
    },
    "naersk": {
      "inputs": {
        "nixpkgs": "nixpkgs_3"
      },
      "locked": {
        "lastModified": 1718727675,
        "narHash": "sha256-uFsCwWYI2pUpt0awahSBorDUrUfBhaAiyz+BPTS2MHk=",
        "owner": "nix-community",
        "repo": "naersk",
        "rev": "941ce6dc38762a7cfb90b5add223d584feed299b",
        "type": "github"
      },
      "original": {
        "owner": "nix-community",
        "ref": "master",
        "repo": "naersk",
        "type": "github"
      }
    },
    "nixgl": {
      "inputs": {
        "flake-utils": [
          "flake-utils"
        ],
        "nixpkgs": [
          "nixpkgs"
        ]
      },
      "locked": {
        "lastModified": 1713543440,
        "narHash": "sha256-lnzZQYG0+EXl/6NkGpyIz+FEOc/DSEG57AP1VsdeNrM=",
        "owner": "nix-community",
        "repo": "nixGL",
        "rev": "310f8e49a149e4c9ea52f1adf70cdc768ec53f8a",
        "type": "github"
      },
      "original": {
        "owner": "nix-community",
        "repo": "nixGL",
        "type": "github"
      }
    },
    "nixos-hardware": {
      "locked": {
        "lastModified": 1730161780,
        "narHash": "sha256-z5ILcmwMtiCoHTXS1KsQWqigO7HJO8sbyK7f7wn9F/E=",
        "owner": "NixOS",
        "repo": "nixos-hardware",
        "rev": "07d15e8990d5d86a631641b4c429bc0a7400cfb8",
        "type": "github"
      },
      "original": {
        "owner": "NixOS",
        "ref": "master",
        "repo": "nixos-hardware",
        "type": "github"
      }
    },
    "nixpkgs": {
      "locked": {
        "lastModified": 1728018373,
        "narHash": "sha256-NOiTvBbRLIOe5F6RbHaAh6++BNjsb149fGZd1T4+KBg=",
        "owner": "nixos",
        "repo": "nixpkgs",
        "rev": "bc947f541ae55e999ffdb4013441347d83b00feb",
        "type": "github"
      },
      "original": {
        "owner": "nixos",
        "ref": "nixos-unstable",
        "repo": "nixpkgs",
        "type": "github"
      }
    },
    "nixpkgs_2": {
      "locked": {
        "lastModified": 1729880355,
        "narHash": "sha256-RP+OQ6koQQLX5nw0NmcDrzvGL8HDLnyXt/jHhL1jwjM=",
        "owner": "nixos",
        "repo": "nixpkgs",
        "rev": "18536bf04cd71abd345f9579158841376fdd0c5a",
        "type": "github"
      },
      "original": {
        "owner": "nixos",
        "ref": "nixos-unstable",
        "repo": "nixpkgs",
        "type": "github"
      }
    },
    "nixpkgs_3": {
      "locked": {
        "lastModified": 0,
        "narHash": "sha256-pup6cYwtgvzDpvpSCFh1TEUjw2zkNpk8iolbKnyFmmU=",
        "path": "/nix/store/5w7nhyvrgsa81h0kyifmbl6j97hvlzh5-source",
        "type": "path"
      },
      "original": {
        "id": "nixpkgs",
        "type": "indirect"
      }
    },
    "nur": {
      "locked": {
        "lastModified": 1730293923,
        "narHash": "sha256-XiUvqyPAKGFi6UL42whgJM/gsMujuJfbEYEOVRIRdgQ=",
        "owner": "nix-community",
        "repo": "NUR",
        "rev": "f27c5fde56338970654ccd7675d4806051858291",
        "type": "github"
      },
      "original": {
        "owner": "nix-community",
        "repo": "NUR",
        "type": "github"
      }
    },
    "root": {
      "inputs": {
        "disko": "disko",
        "flake-utils": "flake-utils",
        "helix_master": "helix_master",
        "home-manager": "home-manager",
        "nixgl": "nixgl",
        "nixos-hardware": "nixos-hardware",
        "nixpkgs": "nixpkgs_2",
        "nur": "nur",
        "volume_control_rs": "volume_control_rs"
      }
    },
    "rust-overlay": {
      "inputs": {
        "nixpkgs": [
          "helix_master",
          "nixpkgs"
        ]
      },
      "locked": {
        "lastModified": 1728268235,
        "narHash": "sha256-lJMFnMO4maJuNO6PQ5fZesrTmglze3UFTTBuKGwR1Nw=",
        "owner": "oxalica",
        "repo": "rust-overlay",
        "rev": "25685cc2c7054efc31351c172ae77b21814f2d42",
        "type": "github"
      },
      "original": {
        "owner": "oxalica",
        "repo": "rust-overlay",
        "type": "github"
      }
    },
    "systems": {
      "locked": {
        "lastModified": 1681028828,
        "narHash": "sha256-Vy1rq5AaRuLzOxct8nz4T6wlgyUR7zLU309k9mBC768=",
        "owner": "nix-systems",
        "repo": "default",
        "rev": "da67096a3b9bf56a91d16901293e51ba5b49a27e",
        "type": "github"
      },
      "original": {
        "owner": "nix-systems",
        "repo": "default",
        "type": "github"
      }
    },
    "systems_2": {
      "locked": {
        "lastModified": 1681028828,
        "narHash": "sha256-Vy1rq5AaRuLzOxct8nz4T6wlgyUR7zLU309k9mBC768=",
        "owner": "nix-systems",
        "repo": "default",
        "rev": "da67096a3b9bf56a91d16901293e51ba5b49a27e",
        "type": "github"
      },
      "original": {
        "owner": "nix-systems",
        "repo": "default",
        "type": "github"
      }
    },
    "volume_control_rs": {
      "inputs": {
        "naersk": "naersk",
        "nixpkgs": [
          "nixpkgs"
        ],
        "utils": [
          "flake-utils"
        ]
      },
      "locked": {
        "dir": "volume_control",
        "lastModified": 1722426062,
        "narHash": "sha256-ZxSBZN9Fuf8SOr+ZBdzdYbW1bEkpYSVf8hVGWACMFUY=",
        "owner": "nkitsaini",
        "repo": "hive",
        "rev": "8a16c68e4e7ca0affded53cced43ced21f116332",
        "type": "github"
      },
      "original": {
        "dir": "volume_control",
        "owner": "nkitsaini",
        "repo": "hive",
        "type": "github"
      }
    }
  },
  "root": "root",
  "version": 7
}
